
Microsoft Visual Studio Solution File, Format Version 12.00
# Visual Studio Version 17
VisualStudioVersion = 17.12.35527.113
MinimumVisualStudioVersion = 10.0.40219.1
Project("{FAE04EC0-301F-11D3-BF4B-00C04F79EFBC}") = "DigitalMicrowave.Web", "DigitalMicrowave\DigitalMicrowave.Web.csproj", "{C6B851C6-3CC8-4193-87F0-2BC77F82643C}"
EndProject
Project("{FAE04EC0-301F-11D3-BF4B-00C04F79EFBC}") = "DigitalMicrowave.Domain", "DigitalMicrowave.Domain\DigitalMicrowave.Domain.csproj", "{80AABBA2-0E39-4128-9B38-201DA25A6F24}"
EndProject
Project("{FAE04EC0-301F-11D3-BF4B-00C04F79EFBC}") = "DigitalMicrowave.Application", "DigitalMicrowave.Application\DigitalMicrowave.Application.csproj", "{F7E225F8-6B04-42A8-BAB0-4D9F469E1F83}"
EndProject
Project("{FAE04EC0-301F-11D3-BF4B-00C04F79EFBC}") = "DigitalMicrowave.Infrastructure", "DigitalMicrowave.Infrastructure\DigitalMicrowave.Infrastructure.csproj", "{FBFD6E48-7AC6-4A6A-BDB3-F58E623FDBDD}"
EndProject
Project("{FAE04EC0-301F-11D3-BF4B-00C04F79EFBC}") = "DigitalMicrowave.Api", "DigitalMicrowave.Api\DigitalMicrowave.Api.csproj", "{7F5F4BCF-B1F6-409F-B1F4-E83AEF241C4C}"
EndProject
Global
	GlobalSection(SolutionConfigurationPlatforms) = preSolution
		Debug|Any CPU = Debug|Any CPU
		Release|Any CPU = Release|Any CPU
	EndGlobalSection
	GlobalSection(ProjectConfigurationPlatforms) = postSolution
		{C6B851C6-3CC8-4193-87F0-2BC77F82643C}.Debug|Any CPU.ActiveCfg = Debug|Any CPU
		{C6B851C6-3CC8-4193-87F0-2BC77F82643C}.Debug|Any CPU.Build.0 = Debug|Any CPU
		{C6B851C6-3CC8-4193-87F0-2BC77F82643C}.Release|Any CPU.ActiveCfg = Release|Any CPU
		{C6B851C6-3CC8-4193-87F0-2BC77F82643C}.Release|Any CPU.Build.0 = Release|Any CPU
		{80AABBA2-0E39-4128-9B38-201DA25A6F24}.Debug|Any CPU.ActiveCfg = Debug|Any CPU
		{80AABBA2-0E39-4128-9B38-201DA25A6F24}.Debug|Any CPU.Build.0 = Debug|Any CPU
		{80AABBA2-0E39-4128-9B38-201DA25A6F24}.Release|Any CPU.ActiveCfg = Release|Any CPU
		{80AABBA2-0E39-4128-9B38-201DA25A6F24}.Release|Any CPU.Build.0 = Release|Any CPU
		{F7E225F8-6B04-42A8-BAB0-4D9F469E1F83}.Debug|Any CPU.ActiveCfg = Debug|Any CPU
		{F7E225F8-6B04-42A8-BAB0-4D9F469E1F83}.Debug|Any CPU.Build.0 = Debug|Any CPU
		{F7E225F8-6B04-42A8-BAB0-4D9F469E1F83}.Release|Any CPU.ActiveCfg = Release|Any CPU
		{F7E225F8-6B04-42A8-BAB0-4D9F469E1F83}.Release|Any CPU.Build.0 = Release|Any CPU
		{FBFD6E48-7AC6-4A6A-BDB3-F58E623FDBDD}.Debug|Any CPU.ActiveCfg = Debug|Any CPU
		{FBFD6E48-7AC6-4A6A-BDB3-F58E623FDBDD}.Debug|Any CPU.Build.0 = Debug|Any CPU
		{FBFD6E48-7AC6-4A6A-BDB3-F58E623FDBDD}.Release|Any CPU.ActiveCfg = Release|Any CPU
		{FBFD6E48-7AC6-4A6A-BDB3-F58E623FDBDD}.Release|Any CPU.Build.0 = Release|Any CPU
		{7F5F4BCF-B1F6-409F-B1F4-E83AEF241C4C}.Debug|Any CPU.ActiveCfg = Debug|Any CPU
		{7F5F4BCF-B1F6-409F-B1F4-E83AEF241C4C}.Debug|Any CPU.Build.0 = Debug|Any CPU
		{7F5F4BCF-B1F6-409F-B1F4-E83AEF241C4C}.Release|Any CPU.ActiveCfg = Release|Any CPU
		{7F5F4BCF-B1F6-409F-B1F4-E83AEF241C4C}.Release|Any CPU.Build.0 = Release|Any CPU
	EndGlobalSection
	GlobalSection(SolutionProperties) = preSolution
		HideSolutionNode = FALSE
	EndGlobalSection
EndGlobal
